
Microsoft Visual Studio Solution File, Format Version 12.00
# Visual Studio Version 17
VisualStudioVersion = 17.14.36221.1 d17.14
MinimumVisualStudioVersion = 10.0.40219.1
Project("{FAE04EC0-301F-11D3-BF4B-00C04F79EFBC}") = "My First Website", "My First Website.csproj", "{0BEF08BD-6871-4745-B893-0324C2D6DCCA}"
EndProject
Global
	GlobalSection(SolutionConfigurationPlatforms) = preSolution
		Debug|Any CPU = Debug|Any CPU
		Release|Any CPU = Release|Any CPU
	EndGlobalSection
	GlobalSection(ProjectConfigurationPlatforms) = postSolution
		{0BEF08BD-6871-4745-B893-0324C2D6DCCA}.Debug|Any CPU.ActiveCfg = Debug|Any CPU
		{0BEF08BD-6871-4745-B893-0324C2D6DCCA}.Debug|Any CPU.Build.0 = Debug|Any CPU
		{0BEF08BD-6871-4745-B893-0324C2D6DCCA}.Release|Any CPU.ActiveCfg = Release|Any CPU
		{0BEF08BD-6871-4745-B893-0324C2D6DCCA}.Release|Any CPU.Build.0 = Release|Any CPU
	EndGlobalSection
	GlobalSection(SolutionProperties) = preSolution
		HideSolutionNode = FALSE
	EndGlobalSection
	GlobalSection(ExtensibilityGlobals) = postSolution
		SolutionGuid = {F7C9697E-5D9D-4352-9972-C7BE336F575B}
	EndGlobalSection
EndGlobal
